
Microsoft Visual Studio Solution File, Format Version 11.00
# Visual Studio 2010
Project("{FAE04EC0-301F-11D3-BF4B-00C04F79EFBC}") = "FlipGame", "FlipGame\FlipGame\FlipGame.csproj", "{79EF9E41-596D-4B74-B8ED-6B5109342F04}"
EndProject
Project("{96E2B04D-8817-42C6-938A-82C39BA4D311}") = "FlipGameContent", "FlipGame\FlipGameContent\FlipGameContent.contentproj", "{7ABBABE9-D29D-4289-8865-D5A095FFB6BC}"
EndProject
Global
	GlobalSection(SolutionConfigurationPlatforms) = preSolution
		Debug|x86 = Debug|x86
		Release|x86 = Release|x86
	EndGlobalSection
	GlobalSection(ProjectConfigurationPlatforms) = postSolution
		{79EF9E41-596D-4B74-B8ED-6B5109342F04}.Debug|x86.ActiveCfg = Debug|x86
		{79EF9E41-596D-4B74-B8ED-6B5109342F04}.Debug|x86.Build.0 = Debug|x86
		{79EF9E41-596D-4B74-B8ED-6B5109342F04}.Release|x86.ActiveCfg = Release|x86
		{79EF9E41-596D-4B74-B8ED-6B5109342F04}.Release|x86.Build.0 = Release|x86
		{7ABBABE9-D29D-4289-8865-D5A095FFB6BC}.Debug|x86.ActiveCfg = Debug|x86
		{7ABBABE9-D29D-4289-8865-D5A095FFB6BC}.Release|x86.ActiveCfg = Release|x86
	EndGlobalSection
	GlobalSection(SolutionProperties) = preSolution
		HideSolutionNode = FALSE
	EndGlobalSection
EndGlobal
